
Microsoft Visual Studio Solution File, Format Version 12.00
# Visual Studio 14
VisualStudioVersion = 14.0.25420.1
MinimumVisualStudioVersion = 10.0.40219.1
Project("{FAE04EC0-301F-11D3-BF4B-00C04F79EFBC}") = "Bot Application1", "Bot Application1\Bot Application1.csproj", "{A8BA1066-5695-4D71-ABB4-65E5A5E0C3D4}"
EndProject
Project("{FAE04EC0-301F-11D3-BF4B-00C04F79EFBC}") = "CCSM", "..\CCSM\CCSM.csproj", "{B5E5A084-345A-40BD-866A-9F2DDFE08BEA}"
EndProject
Project("{E24C65DC-7377-472B-9ABA-BC803B73C61A}") = "CompleteCSM(1)", "..\CompleteCSM\", "{65D24068-9B17-42BE-ACB4-C3F9102C0E7D}"
	ProjectSection(WebsiteProperties) = preProject
		TargetFrameworkMoniker = ".NETFramework,Version%3Dv4.5.2"
		Debug.AspNetCompiler.VirtualPath = "/localhost_65277"
		Debug.AspNetCompiler.PhysicalPath = "..\CompleteCSM\"
		Debug.AspNetCompiler.TargetPath = "PrecompiledWeb\localhost_65277\"
		Debug.AspNetCompiler.Updateable = "true"
		Debug.AspNetCompiler.ForceOverwrite = "true"
		Debug.AspNetCompiler.FixedNames = "false"
		Debug.AspNetCompiler.Debug = "True"
		Release.AspNetCompiler.VirtualPath = "/localhost_65277"
		Release.AspNetCompiler.PhysicalPath = "..\CompleteCSM\"
		Release.AspNetCompiler.TargetPath = "PrecompiledWeb\localhost_65277\"
		Release.AspNetCompiler.Updateable = "true"
		Release.AspNetCompiler.ForceOverwrite = "true"
		Release.AspNetCompiler.FixedNames = "false"
		Release.AspNetCompiler.Debug = "False"
		VWDPort = "65277"
		SlnRelativePath = "..\CompleteCSM\"
	EndProjectSection
EndProject
Global
	GlobalSection(SolutionConfigurationPlatforms) = preSolution
		Debug|Any CPU = Debug|Any CPU
		Release|Any CPU = Release|Any CPU
	EndGlobalSection
	GlobalSection(ProjectConfigurationPlatforms) = postSolution
		{A8BA1066-5695-4D71-ABB4-65E5A5E0C3D4}.Debug|Any CPU.ActiveCfg = Debug|Any CPU
		{A8BA1066-5695-4D71-ABB4-65E5A5E0C3D4}.Debug|Any CPU.Build.0 = Debug|Any CPU
		{A8BA1066-5695-4D71-ABB4-65E5A5E0C3D4}.Release|Any CPU.ActiveCfg = Release|Any CPU
		{A8BA1066-5695-4D71-ABB4-65E5A5E0C3D4}.Release|Any CPU.Build.0 = Release|Any CPU
		{B5E5A084-345A-40BD-866A-9F2DDFE08BEA}.Debug|Any CPU.ActiveCfg = Debug|Any CPU
		{B5E5A084-345A-40BD-866A-9F2DDFE08BEA}.Debug|Any CPU.Build.0 = Debug|Any CPU
		{B5E5A084-345A-40BD-866A-9F2DDFE08BEA}.Release|Any CPU.ActiveCfg = Release|Any CPU
		{B5E5A084-345A-40BD-866A-9F2DDFE08BEA}.Release|Any CPU.Build.0 = Release|Any CPU
		{65D24068-9B17-42BE-ACB4-C3F9102C0E7D}.Debug|Any CPU.ActiveCfg = Debug|Any CPU
		{65D24068-9B17-42BE-ACB4-C3F9102C0E7D}.Debug|Any CPU.Build.0 = Debug|Any CPU
		{65D24068-9B17-42BE-ACB4-C3F9102C0E7D}.Release|Any CPU.ActiveCfg = Debug|Any CPU
		{65D24068-9B17-42BE-ACB4-C3F9102C0E7D}.Release|Any CPU.Build.0 = Debug|Any CPU
	EndGlobalSection
	GlobalSection(SolutionProperties) = preSolution
		HideSolutionNode = FALSE
	EndGlobalSection
EndGlobal
